
Microsoft Visual Studio Solution File, Format Version 12.00
# Visual Studio Version 17
VisualStudioVersion = 17.7.34031.279
MinimumVisualStudioVersion = 10.0.40219.1
Project("{FAE04EC0-301F-11D3-BF4B-00C04F79EFBC}") = "Assignment6", "Assignment6\Assignment6.csproj", "{8D98D786-42EF-4AE8-92FE-F29AF670D674}"
EndProject
Project("{FAE04EC0-301F-11D3-BF4B-00C04F79EFBC}") = "StringConcatenationLibrary", "StringConcatenationLibrary\StringConcatenationLibrary.csproj", "{318B5E9A-010F-4FB1-93AD-99A6A15CA70E}"
EndProject
Global
	GlobalSection(SolutionConfigurationPlatforms) = preSolution
		Debug|Any CPU = Debug|Any CPU
		Release|Any CPU = Release|Any CPU
	EndGlobalSection
	GlobalSection(ProjectConfigurationPlatforms) = postSolution
		{8D98D786-42EF-4AE8-92FE-F29AF670D674}.Debug|Any CPU.ActiveCfg = Debug|Any CPU
		{8D98D786-42EF-4AE8-92FE-F29AF670D674}.Debug|Any CPU.Build.0 = Debug|Any CPU
		{8D98D786-42EF-4AE8-92FE-F29AF670D674}.Release|Any CPU.ActiveCfg = Release|Any CPU
		{8D98D786-42EF-4AE8-92FE-F29AF670D674}.Release|Any CPU.Build.0 = Release|Any CPU
		{318B5E9A-010F-4FB1-93AD-99A6A15CA70E}.Debug|Any CPU.ActiveCfg = Debug|Any CPU
		{318B5E9A-010F-4FB1-93AD-99A6A15CA70E}.Debug|Any CPU.Build.0 = Debug|Any CPU
		{318B5E9A-010F-4FB1-93AD-99A6A15CA70E}.Release|Any CPU.ActiveCfg = Release|Any CPU
		{318B5E9A-010F-4FB1-93AD-99A6A15CA70E}.Release|Any CPU.Build.0 = Release|Any CPU
	EndGlobalSection
	GlobalSection(SolutionProperties) = preSolution
		HideSolutionNode = FALSE
	EndGlobalSection
	GlobalSection(ExtensibilityGlobals) = postSolution
		SolutionGuid = {128E6037-01B7-4441-9330-95E827347C89}
	EndGlobalSection
EndGlobal
